// !$*UTF8*$!
{
	archiveVersion = 1;
	classes = {
	};
	objectVersion = 46;
	objects = {

/* Begin PBXBuildFile section */
		284B0D5D1D478703006C860E /* main.m in Sources */ = {isa = PBXBuildFile; fileRef = 284B0D5C1D478703006C860E /* main.m */; };
		284B0D601D478703006C860E /* AppDelegate.m in Sources */ = {isa = PBXBuildFile; fileRef = 284B0D5F1D478703006C860E /* AppDelegate.m */; };
		284B0D631D478703006C860E /* ViewController.m in Sources */ = {isa = PBXBuildFile; fileRef = 284B0D621D478703006C860E /* ViewController.m */; };
		284B0D661D478703006C860E /* Main.storyboard in Resources */ = {isa = PBXBuildFile; fileRef = 284B0D641D478703006C860E /* Main.storyboard */; };
		284B0D681D478703006C860E /* Assets.xcassets in Resources */ = {isa = PBXBuildFile; fileRef = 284B0D671D478703006C860E /* Assets.xcassets */; };
		284B0D6B1D478703006C860E /* LaunchScreen.storyboard in Resources */ = {isa = PBXBuildFile; fileRef = 284B0D691D478703006C860E /* LaunchScreen.storyboard */; };
		284B0D761D478703006C860E /* CleanCachesDemoTests.m in Sources */ = {isa = PBXBuildFile; fileRef = 284B0D751D478703006C860E /* CleanCachesDemoTests.m */; };
		284B0D811D478703006C860E /* CleanCachesDemoUITests.m in Sources */ = {isa = PBXBuildFile; fileRef = 284B0D801D478703006C860E /* CleanCachesDemoUITests.m */; };
		284B0D911D4787C1006C860E /* LZCleanCaches.m in Sources */ = {isa = PBXBuildFile; fileRef = 284B0D901D4787C1006C860E /* LZCleanCaches.m */; };
		284B0D951D478A2A006C860E /* MBProgressHUD.m in Sources */ = {isa = PBXBuildFile; fileRef = 284B0D941D478A2A006C860E /* MBProgressHUD.m */; };
/* End PBXBuildFile section */

/* Begin PBXContainerItemProxy section */
		284B0D721D478703006C860E /* PBXContainerItemProxy */ = {
			isa = PBXContainerItemProxy;
			containerPortal = 284B0D501D478703006C860E /* Project object */;
			proxyType = 1;
			remoteGlobalIDString = 284B0D571D478703006C860E;
			remoteInfo = CleanCachesDemo;
		};
		284B0D7D1D478703006C860E /* PBXContainerItemProxy */ = {
			isa = PBXContainerItemProxy;
			containerPortal = 284B0D501D478703006C860E /* Project object */;
			proxyType = 1;
			remoteGlobalIDString = 284B0D571D478703006C860E;
			remoteInfo = CleanCachesDemo;
		};
/* End PBXContainerItemProxy section */

/* Begin PBXFileReference section */
		284B0D581D478703006C860E /* CleanCachesDemo.app */ = {isa = PBXFileReference; explicitFileType = wrapper.application; includeInIndex = 0; path = CleanCachesDemo.app; sourceTree = BUILT_PRODUCTS_DIR; };
		284B0D5C1D478703006C860E /* main.m */ = {isa = PBXFileReference; lastKnownFileType = sourcecode.c.objc; path = main.m; sourceTree = "<group>"; };
		284B0D5E1D478703006C860E /* AppDelegate.h */ = {isa = PBXFileReference; lastKnownFileType = sourcecode.c.h; path = AppDelegate.h; sourceTree = "<group>"; };
		284B0D5F1D478703006C860E /* AppDelegate.m */ = {isa = PBXFileReference; lastKnownFileType = sourcecode.c.objc; path = AppDelegate.m; sourceTree = "<group>"; };
		284B0D611D478703006C860E /* ViewController.h */ = {isa = PBXFileReference; lastKnownFileType = sourcecode.c.h; path = ViewController.h; sourceTree = "<group>"; };
		284B0D621D478703006C860E /* ViewController.m */ = {isa = PBXFileReference; lastKnownFileType = sourcecode.c.objc; path = ViewController.m; sourceTree = "<group>"; };
		284B0D651D478703006C860E /* Base */ = {isa = PBXFileReference; lastKnownFileType = file.storyboard; name = Base; path = Base.lproj/Main.storyboard; sourceTree = "<group>"; };
		284B0D671D478703006C860E /* Assets.xcassets */ = {isa = PBXFileReference; lastKnownFileType = folder.assetcatalog; path = Assets.xcassets; sourceTree = "<group>"; };
		284B0D6A1D478703006C860E /* Base */ = {isa = PBXFileReference; lastKnownFileType = file.storyboard; name = Base; path = Base.lproj/LaunchScreen.storyboard; sourceTree = "<group>"; };
		284B0D6C1D478703006C860E /* Info.plist */ = {isa = PBXFileReference; lastKnownFileType = text.plist.xml; path = Info.plist; sourceTree = "<group>"; };
		284B0D711D478703006C860E /* CleanCachesDemoTests.xctest */ = {isa = PBXFileReference; explicitFileType = wrapper.cfbundle; includeInIndex = 0; path = CleanCachesDemoTests.xctest; sourceTree = BUILT_PRODUCTS_DIR; };
		284B0D751D478703006C860E /* CleanCachesDemoTests.m */ = {isa = PBXFileReference; lastKnownFileType = sourcecode.c.objc; path = CleanCachesDemoTests.m; sourceTree = "<group>"; };
		284B0D771D478703006C860E /* Info.plist */ = {isa = PBXFileReference; lastKnownFileType = text.plist.xml; path = Info.plist; sourceTree = "<group>"; };
		284B0D7C1D478703006C860E /* CleanCachesDemoUITests.xctest */ = {isa = PBXFileReference; explicitFileType = wrapper.cfbundle; includeInIndex = 0; path = CleanCachesDemoUITests.xctest; sourceTree = BUILT_PRODUCTS_DIR; };
		284B0D801D478703006C860E /* CleanCachesDemoUITests.m */ = {isa = PBXFileReference; lastKnownFileType = sourcecode.c.objc; path = CleanCachesDemoUITests.m; sourceTree = "<group>"; };
		284B0D821D478703006C860E /* Info.plist */ = {isa = PBXFileReference; lastKnownFileType = text.plist.xml; path = Info.plist; sourceTree = "<group>"; };
		284B0D8F1D4787C1006C860E /* LZCleanCaches.h */ = {isa = PBXFileReference; fileEncoding = 4; lastKnownFileType = sourcecode.c.h; path = LZCleanCaches.h; sourceTree = "<group>"; };
		284B0D901D4787C1006C860E /* LZCleanCaches.m */ = {isa = PBXFileReference; fileEncoding = 4; lastKnownFileType = sourcecode.c.objc; path = LZCleanCaches.m; sourceTree = "<group>"; };
		284B0D931D478A2A006C860E /* MBProgressHUD.h */ = {isa = PBXFileReference; fileEncoding = 4; lastKnownFileType = sourcecode.c.h; path = MBProgressHUD.h; sourceTree = "<group>"; };
		284B0D941D478A2A006C860E /* MBProgressHUD.m */ = {isa = PBXFileReference; fileEncoding = 4; lastKnownFileType = sourcecode.c.objc; path = MBProgressHUD.m; sourceTree = "<group>"; };
/* End PBXFileReference section */

/* Begin PBXFrameworksBuildPhase section */
		284B0D551D478703006C860E /* Frameworks */ = {
			isa = PBXFrameworksBuildPhase;
			buildActionMask = 2147483647;
			files = (
			);
			runOnlyForDeploymentPostprocessing = 0;
		};
		284B0D6E1D478703006C860E /* Frameworks */ = {
			isa = PBXFrameworksBuildPhase;
			buildActionMask = 2147483647;
			files = (
			);
			runOnlyForDeploymentPostprocessing = 0;
		};
		284B0D791D478703006C860E /* Frameworks */ = {
			isa = PBXFrameworksBuildPhase;
			buildActionMask = 2147483647;
			files = (
			);
			runOnlyForDeploymentPostprocessing = 0;
		};
/* End PBXFrameworksBuildPhase section */

/* Begin PBXGroup section */
		284B0D4F1D478703006C860E = {
			isa = PBXGroup;
			children = (
				284B0D8E1D47874F006C860E /* LZCleanCaches */,
				284B0D5A1D478703006C860E /* CleanCachesDemo */,
				284B0D741D478703006C860E /* CleanCachesDemoTests */,
				284B0D7F1D478703006C860E /* CleanCachesDemoUITests */,
				284B0D591D478703006C860E /* Products */,
			);
			sourceTree = "<group>";
		};
		284B0D591D478703006C860E /* Products */ = {
			isa = PBXGroup;
			children = (
				284B0D581D478703006C860E /* CleanCachesDemo.app */,
				284B0D711D478703006C860E /* CleanCachesDemoTests.xctest */,
				284B0D7C1D478703006C860E /* CleanCachesDemoUITests.xctest */,
			);
			name = Products;
			sourceTree = "<group>";
		};
		284B0D5A1D478703006C860E /* CleanCachesDemo */ = {
			isa = PBXGroup;
			children = (
				284B0D5E1D478703006C860E /* AppDelegate.h */,
				284B0D5F1D478703006C860E /* AppDelegate.m */,
				284B0D611D478703006C860E /* ViewController.h */,
				284B0D621D478703006C860E /* ViewController.m */,
				284B0D641D478703006C860E /* Main.storyboard */,
				284B0D671D478703006C860E /* Assets.xcassets */,
				284B0D691D478703006C860E /* LaunchScreen.storyboard */,
				284B0D6C1D478703006C860E /* Info.plist */,
				284B0D5B1D478703006C860E /* Supporting Files */,
			);
			path = CleanCachesDemo;
			sourceTree = "<group>";
		};
		284B0D5B1D478703006C860E /* Supporting Files */ = {
			isa = PBXGroup;
			children = (
				284B0D5C1D478703006C860E /* main.m */,
			);
			name = "Supporting Files";
			sourceTree = "<group>";
		};
		284B0D741D478703006C860E /* CleanCachesDemoTests */ = {
			isa = PBXGroup;
			children = (
				284B0D751D478703006C860E /* CleanCachesDemoTests.m */,
				284B0D771D478703006C860E /* Info.plist */,
			);
			path = CleanCachesDemoTests;
			sourceTree = "<group>";
		};
		284B0D7F1D478703006C860E /* CleanCachesDemoUITests */ = {
			isa = PBXGroup;
			children = (
				284B0D801D478703006C860E /* CleanCachesDemoUITests.m */,
				284B0D821D478703006C860E /* Info.plist */,
			);
			path = CleanCachesDemoUITests;
			sourceTree = "<group>";
		};
		284B0D8E1D47874F006C860E /* LZCleanCaches */ = {
			isa = PBXGroup;
			children = (
				284B0D921D478A10006C860E /* MBProgressHUD */,
				284B0D8F1D4787C1006C860E /* LZCleanCaches.h */,
				284B0D901D4787C1006C860E /* LZCleanCaches.m */,
			);
			path = LZCleanCaches;
			sourceTree = "<group>";
		};
		284B0D921D478A10006C860E /* MBProgressHUD */ = {
			isa = PBXGroup;
			children = (
				284B0D931D478A2A006C860E /* MBProgressHUD.h */,
				284B0D941D478A2A006C860E /* MBProgressHUD.m */,
			);
			path = MBProgressHUD;
			sourceTree = "<group>";
		};
/* End PBXGroup section */

/* Begin PBXNativeTarget section */
		284B0D571D478703006C860E /* CleanCachesDemo */ = {
			isa = PBXNativeTarget;
			buildConfigurationList = 284B0D851D478703006C860E /* Build configuration list for PBXNativeTarget "CleanCachesDemo" */;
			buildPhases = (
				284B0D541D478703006C860E /* Sources */,
				284B0D551D478703006C860E /* Frameworks */,
				284B0D561D478703006C860E /* Resources */,
			);
			buildRules = (
			);
			dependencies = (
			);
			name = CleanCachesDemo;
			productName = CleanCachesDemo;
			productReference = 284B0D581D478703006C860E /* CleanCachesDemo.app */;
			productType = "com.apple.product-type.application";
		};
		284B0D701D478703006C860E /* CleanCachesDemoTests */ = {
			isa = PBXNativeTarget;
			buildConfigurationList = 284B0D881D478703006C860E /* Build configuration list for PBXNativeTarget "CleanCachesDemoTests" */;
			buildPhases = (
				284B0D6D1D478703006C860E /* Sources */,
				284B0D6E1D478703006C860E /* Frameworks */,
				284B0D6F1D478703006C860E /* Resources */,
			);
			buildRules = (
			);
			dependencies = (
				284B0D731D478703006C860E /* PBXTargetDependency */,
			);
			name = CleanCachesDemoTests;
			productName = CleanCachesDemoTests;
			productReference = 284B0D711D478703006C860E /* CleanCachesDemoTests.xctest */;
			productType = "com.apple.product-type.bundle.unit-test";
		};
		284B0D7B1D478703006C860E /* CleanCachesDemoUITests */ = {
			isa = PBXNativeTarget;
			buildConfigurationList = 284B0D8B1D478703006C860E /* Build configuration list for PBXNativeTarget "CleanCachesDemoUITests" */;
			buildPhases = (
				284B0D781D478703006C860E /* Sources */,
				284B0D791D478703006C860E /* Frameworks */,
				284B0D7A1D478703006C860E /* Resources */,
			);
			buildRules = (
			);
			dependencies = (
				284B0D7E1D478703006C860E /* PBXTargetDependency */,
			);
			name = CleanCachesDemoUITests;
			productName = CleanCachesDemoUITests;
			productReference = 284B0D7C1D478703006C860E /* CleanCachesDemoUITests.xctest */;
			productType = "com.apple.product-type.bundle.ui-testing";
		};
/* End PBXNativeTarget section */

/* Begin PBXProject section */
		284B0D501D478703006C860E /* Project object */ = {
			isa = PBXProject;
			attributes = {
				LastUpgradeCheck = 0730;
				ORGANIZATIONNAME = lz;
				TargetAttributes = {
					284B0D571D478703006C860E = {
						CreatedOnToolsVersion = 7.3.1;
						DevelopmentTeam = 535B2C4Z22;
					};
					284B0D701D478703006C860E = {
						CreatedOnToolsVersion = 7.3.1;
						TestTargetID = 284B0D571D478703006C860E;
					};
					284B0D7B1D478703006C860E = {
						CreatedOnToolsVersion = 7.3.1;
						TestTargetID = 284B0D571D478703006C860E;
					};
				};
			};
			buildConfigurationList = 284B0D531D478703006C860E /* Build configuration list for PBXProject "CleanCachesDemo" */;
			compatibilityVersion = "Xcode 3.2";
			developmentRegion = English;
			hasScannedForEncodings = 0;
			knownRegions = (
				en,
				Base,
			);
			mainGroup = 284B0D4F1D478703006C860E;
			productRefGroup = 284B0D591D478703006C860E /* Products */;
			projectDirPath = "";
			projectRoot = "";
			targets = (
				284B0D571D478703006C860E /* CleanCachesDemo */,
				284B0D701D478703006C860E /* CleanCachesDemoTests */,
				284B0D7B1D478703006C860E /* CleanCachesDemoUITests */,
			);
		};
/* End PBXProject section */

/* Begin PBXResourcesBuildPhase section */
		284B0D561D478703006C860E /* Resources */ = {
			isa = PBXResourcesBuildPhase;
			buildActionMask = 2147483647;
			files = (
				284B0D6B1D478703006C860E /* LaunchScreen.storyboard in Resources */,
				284B0D681D478703006C860E /* Assets.xcassets in Resources */,
				284B0D661D478703006C860E /* Main.storyboard in Resources */,
			);
			runOnlyForDeploymentPostprocessing = 0;
		};
		284B0D6F1D478703006C860E /* Resources */ = {
			isa = PBXResourcesBuildPhase;
			buildActionMask = 2147483647;
			files = (
			);
			runOnlyForDeploymentPostprocessing = 0;
		};
		284B0D7A1D478703006C860E /* Resources */ = {
			isa = PBXResourcesBuildPhase;
			buildActionMask = 2147483647;
			files = (
			);
			runOnlyForDeploymentPostprocessing = 0;
		};
/* End PBXResourcesBuildPhase section */

/* Begin PBXSourcesBuildPhase section */
		284B0D541D478703006C860E /* Sources */ = {
			isa = PBXSourcesBuildPhase;
			buildActionMask = 2147483647;
			files = (
				284B0D631D478703006C860E /* ViewController.m in Sources */,
				284B0D601D478703006C860E /* AppDelegate.m in Sources */,
				284B0D951D478A2A006C860E /* MBProgressHUD.m in Sources */,
				284B0D911D4787C1006C860E /* LZCleanCaches.m in Sources */,
				284B0D5D1D478703006C860E /* main.m in Sources */,
			);
			runOnlyForDeploymentPostprocessing = 0;
		};
		284B0D6D1D478703006C860E /* Sources */ = {
			isa = PBXSourcesBuildPhase;
			buildActionMask = 2147483647;
			files = (
				284B0D761D478703006C860E /* CleanCachesDemoTests.m in Sources */,
			);
			runOnlyForDeploymentPostprocessing = 0;
		};
		284B0D781D478703006C860E /* Sources */ = {
			isa = PBXSourcesBuildPhase;
			buildActionMask = 2147483647;
			files = (
				284B0D811D478703006C860E /* CleanCachesDemoUITests.m in Sources */,
			);
			runOnlyForDeploymentPostprocessing = 0;
		};
/* End PBXSourcesBuildPhase section */

/* Begin PBXTargetDependency section */
		284B0D731D478703006C860E /* PBXTargetDependency */ = {
			isa = PBXTargetDependency;
			target = 284B0D571D478703006C860E /* CleanCachesDemo */;
			targetProxy = 284B0D721D478703006C860E /* PBXContainerItemProxy */;
		};
		284B0D7E1D478703006C860E /* PBXTargetDependency */ = {
			isa = PBXTargetDependency;
			target = 284B0D571D478703006C860E /* CleanCachesDemo */;
			targetProxy = 284B0D7D1D478703006C860E /* PBXContainerItemProxy */;
		};
/* End PBXTargetDependency section */

/* Begin PBXVariantGroup section */
		284B0D641D478703006C860E /* Main.storyboard */ = {
			isa = PBXVariantGroup;
			children = (
				284B0D651D478703006C860E /* Base */,
			);
			name = Main.storyboard;
			sourceTree = "<group>";
		};
		284B0D691D478703006C860E /* LaunchScreen.storyboard */ = {
			isa = PBXVariantGroup;
			children = (
				284B0D6A1D478703006C860E /* Base */,
			);
			name = LaunchScreen.storyboard;
			sourceTree = "<group>";
		};
/* End PBXVariantGroup section */

/* Begin XCBuildConfiguration section */
		284B0D831D478703006C860E /* Debug */ = {
			isa = XCBuildConfiguration;
			buildSettings = {
				ALWAYS_SEARCH_USER_PATHS = NO;
				CLANG_ANALYZER_NONNULL = YES;
				CLANG_CXX_LANGUAGE_STANDARD = "gnu++0x";
				CLANG_CXX_LIBRARY = "libc++";
				CLANG_ENABLE_MODULES = YES;
				CLANG_ENABLE_OBJC_ARC = YES;
				CLANG_WARN_BOOL_CONVERSION = YES;
				CLANG_WARN_CONSTANT_CONVERSION = YES;
				CLANG_WARN_DIRECT_OBJC_ISA_USAGE = YES_ERROR;
				CLANG_WARN_EMPTY_BODY = YES;
				CLANG_WARN_ENUM_CONVERSION = YES;
				CLANG_WARN_INT_CONVERSION = YES;
				CLANG_WARN_OBJC_ROOT_CLASS = YES_ERROR;
				CLANG_WARN_UNREACHABLE_CODE = YES;
				CLANG_WARN__DUPLICATE_METHOD_MATCH = YES;
				"CODE_SIGN_IDENTITY[sdk=iphoneos*]" = "iPhone Developer";
				COPY_PHASE_STRIP = NO;
				DEBUG_INFORMATION_FORMAT = dwarf;
				ENABLE_STRICT_OBJC_MSGSEND = YES;
				ENABLE_TESTABILITY = YES;
				GCC_C_LANGUAGE_STANDARD = gnu99;
				GCC_DYNAMIC_NO_PIC = NO;
				GCC_NO_COMMON_BLOCKS = YES;
				GCC_OPTIMIZATION_LEVEL = 0;
				GCC_PREPROCESSOR_DEFINITIONS = (
					"DEBUG=1",
					"$(inherited)",
				);
				GCC_WARN_64_TO_32_BIT_CONVERSION = YES;
				GCC_WARN_ABOUT_RETURN_TYPE = YES_ERROR;
				GCC_WARN_UNDECLARED_SELECTOR = YES;
				GCC_WARN_UNINITIALIZED_AUTOS = YES_AGGRESSIVE;
				GCC_WARN_UNUSED_FUNCTION = YES;
				GCC_WARN_UNUSED_VARIABLE = YES;
				IPHONEOS_DEPLOYMENT_TARGET = 9.3;
				MTL_ENABLE_DEBUG_INFO = YES;
				ONLY_ACTIVE_ARCH = YES;
				SDKROOT = iphoneos;
				TARGETED_DEVICE_FAMILY = "1,2";
			};
			name = Debug;
		};
		284B0D841D478703006C860E /* Release */ = {
			isa = XCBuildConfiguration;
			buildSettings = {
				ALWAYS_SEARCH_USER_PATHS = NO;
				CLANG_ANALYZER_NONNULL = YES;
				CLANG_CXX_LANGUAGE_STANDARD = "gnu++0x";
				CLANG_CXX_LIBRARY = "libc++";
				CLANG_ENABLE_MODULES = YES;
				CLANG_ENABLE_OBJC_ARC = YES;
				CLANG_WARN_BOOL_CONVERSION = YES;
				CLANG_WARN_CONSTANT_CONVERSION = YES;
				CLANG_WARN_DIRECT_OBJC_ISA_USAGE = YES_ERROR;
				CLANG_WARN_EMPTY_BODY = YES;
				CLANG_WARN_ENUM_CONVERSION = YES;
				CLANG_WARN_INT_CONVERSION = YES;
				CLANG_WARN_OBJC_ROOT_CLASS = YES_ERROR;
				CLANG_WARN_UNREACHABLE_CODE = YES;
				CLANG_WARN__DUPLICATE_METHOD_MATCH = YES;
				"CODE_SIGN_IDENTITY[sdk=iphoneos*]" = "iPhone Developer";
				COPY_PHASE_STRIP = NO;
				DEBUG_INFORMATION_FORMAT = "dwarf-with-dsym";
				ENABLE_NS_ASSERTIONS = NO;
				ENABLE_STRICT_OBJC_MSGSEND = YES;
				GCC_C_LANGUAGE_STANDARD = gnu99;
				GCC_NO_COMMON_BLOCKS = YES;
				GCC_WARN_64_TO_32_BIT_CONVERSION = YES;
				GCC_WARN_ABOUT_RETURN_TYPE = YES_ERROR;
				GCC_WARN_UNDECLARED_SELECTOR = YES;
				GCC_WARN_UNINITIALIZED_AUTOS = YES_AGGRESSIVE;
				GCC_WARN_UNUSED_FUNCTION = YES;
				GCC_WARN_UNUSED_VARIABLE = YES;
				IPHONEOS_DEPLOYMENT_TARGET = 9.3;
				MTL_ENABLE_DEBUG_INFO = NO;
				SDKROOT = iphoneos;
				TARGETED_DEVICE_FAMILY = "1,2";
				VALIDATE_PRODUCT = YES;
			};
			name = Release;
		};
		284B0D861D478703006C860E /* Debug */ = {
			isa = XCBuildConfiguration;
			buildSettings = {
				ASSETCATALOG_COMPILER_APPICON_NAME = AppIcon;
				CODE_SIGN_IDENTITY = "iPhone Developer";
				"CODE_SIGN_IDENTITY[sdk=iphoneos*]" = "iPhone Developer";
				INFOPLIST_FILE = CleanCachesDemo/Info.plist;
				IPHONEOS_DEPLOYMENT_TARGET = 8.2;
				LD_RUNPATH_SEARCH_PATHS = "$(inherited) @executable_path/Frameworks";
				PRODUCT_BUNDLE_IDENTIFIER = lzcuriosity.CleanCachesDemo;
				PRODUCT_NAME = "$(TARGET_NAME)";
				PROVISIONING_PROFILE = "";
			};
			name = Debug;
		};
		284B0D871D478703006C860E /* Release */ = {
			isa = XCBuildConfiguration;
			buildSettings = {
				ASSETCATALOG_COMPILER_APPICON_NAME = AppIcon;
				CODE_SIGN_IDENTITY = "iPhone Developer";
				"CODE_SIGN_IDENTITY[sdk=iphoneos*]" = "iPhone Developer";
				INFOPLIST_FILE = CleanCachesDemo/Info.plist;
				IPHONEOS_DEPLOYMENT_TARGET = 8.2;
				LD_RUNPATH_SEARCH_PATHS = "$(inherited) @executable_path/Frameworks";
				PRODUCT_BUNDLE_IDENTIFIER = lzcuriosity.CleanCachesDemo;
				PRODUCT_NAME = "$(TARGET_NAME)";
				PROVISIONING_PROFILE = "";
			};
			name = Release;
		};
		284B0D891D478703006C860E /* Debug */ = {
			isa = XCBuildConfiguration;
			buildSettings = {
				BUNDLE_LOADER = "$(TEST_HOST)";
				INFOPLIST_FILE = CleanCachesDemoTests/Info.plist;
				LD_RUNPATH_SEARCH_PATHS = "$(inherited) @executable_path/Frameworks @loader_path/Frameworks";
				PRODUCT_BUNDLE_IDENTIFIER = lzcuriosity.CleanCachesDemoTests;
				PRODUCT_NAME = "$(TARGET_NAME)";
				TEST_HOST = "$(BUILT_PRODUCTS_DIR)/CleanCachesDemo.app/CleanCachesDemo";
			};
			name = Debug;
		};
		284B0D8A1D478703006C860E /* Release */ = {
			isa = XCBuildConfiguration;
			buildSettings = {
				BUNDLE_LOADER = "$(TEST_HOST)";
				INFOPLIST_FILE = CleanCachesDemoTests/Info.plist;
				LD_RUNPATH_SEARCH_PATHS = "$(inherited) @executable_path/Frameworks @loader_path/Frameworks";
				PRODUCT_BUNDLE_IDENTIFIER = lzcuriosity.CleanCachesDemoTests;
				PRODUCT_NAME = "$(TARGET_NAME)";
				TEST_HOST = "$(BUILT_PRODUCTS_DIR)/CleanCachesDemo.app/CleanCachesDemo";
			};
			name = Release;
		};
		284B0D8C1D478703006C860E /* Debug */ = {
			isa = XCBuildConfiguration;
			buildSettings = {
				INFOPLIST_FILE = CleanCachesDemoUITests/Info.plist;
				LD_RUNPATH_SEARCH_PATHS = "$(inherited) @executable_path/Frameworks @loader_path/Frameworks";
				PRODUCT_BUNDLE_IDENTIFIER = lzcuriosity.CleanCachesDemoUITests;
				PRODUCT_NAME = "$(TARGET_NAME)";
				TEST_TARGET_NAME = CleanCachesDemo;
			};
			name = Debug;
		};
		284B0D8D1D478703006C860E /* Release */ = {
			isa = XCBuildConfiguration;
			buildSettings = {
				INFOPLIST_FILE = CleanCachesDemoUITests/Info.plist;
				LD_RUNPATH_SEARCH_PATHS = "$(inherited) @executable_path/Frameworks @loader_path/Frameworks";
				PRODUCT_BUNDLE_IDENTIFIER = lzcuriosity.CleanCachesDemoUITests;
				PRODUCT_NAME = "$(TARGET_NAME)";
				TEST_TARGET_NAME = CleanCachesDemo;
			};
			name = Release;
		};
/* End XCBuildConfiguration section */

/* Begin XCConfigurationList section */
		284B0D531D478703006C860E /* Build configuration list for PBXProject "CleanCachesDemo" */ = {
			isa = XCConfigurationList;
			buildConfigurations = (
				284B0D831D478703006C860E /* Debug */,
				284B0D841D478703006C860E /* Release */,
			);
			defaultConfigurationIsVisible = 0;
			defaultConfigurationName = Release;
		};
		284B0D851D478703006C860E /* Build configuration list for PBXNativeTarget "CleanCachesDemo" */ = {
			isa = XCConfigurationList;
			buildConfigurations = (
				284B0D861D478703006C860E /* Debug */,
				284B0D871D478703006C860E /* Release */,
			);
			defaultConfigurationIsVisible = 0;
		};
		284B0D881D478703006C860E /* Build configuration list for PBXNativeTarget "CleanCachesDemoTests" */ = {
			isa = XCConfigurationList;
			buildConfigurations = (
				284B0D891D478703006C860E /* Debug */,
				284B0D8A1D478703006C860E /* Release */,
			);
			defaultConfigurationIsVisible = 0;
		};
		284B0D8B1D478703006C860E /* Build configuration list for PBXNativeTarget "CleanCachesDemoUITests" */ = {
			isa = XCConfigurationList;
			buildConfigurations = (
				284B0D8C1D478703006C860E /* Debug */,
				284B0D8D1D478703006C860E /* Release */,
			);
			defaultConfigurationIsVisible = 0;
		};
/* End XCConfigurationList section */
	};
	rootObject = 284B0D501D478703006C860E /* Project object */;
}
